
Microsoft Visual Studio Solution File, Format Version 12.00
# Visual Studio Version 17
VisualStudioVersion = 17.7.34031.279
MinimumVisualStudioVersion = 10.0.40219.1
Project("{FAE04EC0-301F-11D3-BF4B-00C04F79EFBC}") = "Bilgi_Yarismasi", "Bilgi_Yarismasi\Bilgi_Yarismasi.csproj", "{9ECBE8E7-8135-44C9-8F25-11F3463885C7}"
EndProject
Global
	GlobalSection(SolutionConfigurationPlatforms) = preSolution
		Debug|Any CPU = Debug|Any CPU
		Release|Any CPU = Release|Any CPU
	EndGlobalSection
	GlobalSection(ProjectConfigurationPlatforms) = postSolution
		{9ECBE8E7-8135-44C9-8F25-11F3463885C7}.Debug|Any CPU.ActiveCfg = Debug|Any CPU
		{9ECBE8E7-8135-44C9-8F25-11F3463885C7}.Debug|Any CPU.Build.0 = Debug|Any CPU
		{9ECBE8E7-8135-44C9-8F25-11F3463885C7}.Release|Any CPU.ActiveCfg = Release|Any CPU
		{9ECBE8E7-8135-44C9-8F25-11F3463885C7}.Release|Any CPU.Build.0 = Release|Any CPU
	EndGlobalSection
	GlobalSection(SolutionProperties) = preSolution
		HideSolutionNode = FALSE
	EndGlobalSection
	GlobalSection(ExtensibilityGlobals) = postSolution
		SolutionGuid = {FEF2BF93-ABBF-48EB-8E9F-37A223BE63E0}
	EndGlobalSection
EndGlobal
